PODS:
  - 3DGridViewController (0.1):
    - AWPercentDrivenInteractiveTransition (~> 0.1)
  - AWPercentDrivenInteractiveTransition (0.1.0)
  - Expecta (0.3.1)
  - Specta (0.2.1)

DEPENDENCIES:
  - 3DGridViewController (from `../`)
  - Expecta
  - Specta (~> 0.2.1)

EXTERNAL SOURCES:
  3DGridViewController:
    :path: ../

SPEC CHECKSUMS:
  3DGridViewController: 0e6018a4927c6b49211bd420569edf3497c066a3
  AWPercentDrivenInteractiveTransition: a2cea96b9b63d2b7a66f14ef925cdc2e4cfc3ee4
  Expecta: 03aabd0a89d8dea843baecb19a7fd7466a69a31d
  Specta: 9141310f46b1f68b676650ff2854e1ed0b74163a

COCOAPODS: 0.33.1
